
Microsoft Visual Studio Solution File, Format Version 12.00
# Visual Studio 15
VisualStudioVersion = 15.0.27130.2010
MinimumVisualStudioVersion = 10.0.40219.1
Project("{9A19103F-16F7-4668-BE54-9A1E7A4F7556}") = "tianmao", "tianmao\tianmao.csproj", "{D290D614-2F35-449C-961A-66200AE5F647}"
EndProject
Global
	GlobalSection(SolutionConfigurationPlatforms) = preSolution
		Debug|Any CPU = Debug|Any CPU
		Release|Any CPU = Release|Any CPU
	EndGlobalSection
	GlobalSection(ProjectConfigurationPlatforms) = postSolution
		{D290D614-2F35-449C-961A-66200AE5F647}.Debug|Any CPU.ActiveCfg = Debug|Any CPU
		{D290D614-2F35-449C-961A-66200AE5F647}.Debug|Any CPU.Build.0 = Debug|Any CPU
		{D290D614-2F35-449C-961A-66200AE5F647}.Release|Any CPU.ActiveCfg = Release|Any CPU
		{D290D614-2F35-449C-961A-66200AE5F647}.Release|Any CPU.Build.0 = Release|Any CPU
	EndGlobalSection
	GlobalSection(SolutionProperties) = preSolution
		HideSolutionNode = FALSE
	EndGlobalSection
	GlobalSection(ExtensibilityGlobals) = postSolution
		SolutionGuid = {A7BF97EE-83DF-423C-92ED-3B07987C4438}
	EndGlobalSection
EndGlobal
